
Microsoft Visual Studio Solution File, Format Version 12.00
# Visual Studio Version 16
VisualStudioVersion = 16.0.31729.503
MinimumVisualStudioVersion = 10.0.40219.1
Project("{FAE04EC0-301F-11D3-BF4B-00C04F79EFBC}") = "HW1", "HW1\HW1.csproj", "{C20F2971-5EF0-4402-8C14-7E241ED03C79}"
EndProject
Global
	GlobalSection(SolutionConfigurationPlatforms) = preSolution
		Debug|Any CPU = Debug|Any CPU
		Release|Any CPU = Release|Any CPU
	EndGlobalSection
	GlobalSection(ProjectConfigurationPlatforms) = postSolution
		{C20F2971-5EF0-4402-8C14-7E241ED03C79}.Debug|Any CPU.ActiveCfg = Debug|Any CPU
		{C20F2971-5EF0-4402-8C14-7E241ED03C79}.Debug|Any CPU.Build.0 = Debug|Any CPU
		{C20F2971-5EF0-4402-8C14-7E241ED03C79}.Release|Any CPU.ActiveCfg = Release|Any CPU
		{C20F2971-5EF0-4402-8C14-7E241ED03C79}.Release|Any CPU.Build.0 = Release|Any CPU
	EndGlobalSection
	GlobalSection(SolutionProperties) = preSolution
		HideSolutionNode = FALSE
	EndGlobalSection
	GlobalSection(ExtensibilityGlobals) = postSolution
		SolutionGuid = {3E00839B-725D-4419-B926-F845FD318086}
	EndGlobalSection
EndGlobal
