
Microsoft Visual Studio Solution File, Format Version 12.00
# Visual Studio Version 16
VisualStudioVersion = 16.0.31729.503
MinimumVisualStudioVersion = 10.0.40219.1
Project("{FAE04EC0-301F-11D3-BF4B-00C04F79EFBC}") = "Week6", "Week6\Week6.csproj", "{190872A1-3483-4813-A218-D27AAA425791}"
EndProject
Global
	GlobalSection(SolutionConfigurationPlatforms) = preSolution
		Debug|Any CPU = Debug|Any CPU
		Release|Any CPU = Release|Any CPU
	EndGlobalSection
	GlobalSection(ProjectConfigurationPlatforms) = postSolution
		{190872A1-3483-4813-A218-D27AAA425791}.Debug|Any CPU.ActiveCfg = Debug|Any CPU
		{190872A1-3483-4813-A218-D27AAA425791}.Debug|Any CPU.Build.0 = Debug|Any CPU
		{190872A1-3483-4813-A218-D27AAA425791}.Release|Any CPU.ActiveCfg = Release|Any CPU
		{190872A1-3483-4813-A218-D27AAA425791}.Release|Any CPU.Build.0 = Release|Any CPU
	EndGlobalSection
	GlobalSection(SolutionProperties) = preSolution
		HideSolutionNode = FALSE
	EndGlobalSection
	GlobalSection(ExtensibilityGlobals) = postSolution
		SolutionGuid = {42D22818-6652-4173-A82C-659F9B4C649A}
	EndGlobalSection
EndGlobal
